
Microsoft Visual Studio Solution File, Format Version 12.00
# Visual Studio Version 17
VisualStudioVersion = 17.11.35327.3
MinimumVisualStudioVersion = 10.0.40219.1
Project("{9A19103F-16F7-4668-BE54-9A1E7A4F7556}") = "CadastroAlunos", "ProjetoInicialWinForms\CadastroAlunos.csproj", "{8D346C01-B45F-450E-B5DE-3492353D3F20}"
EndProject
Global
	GlobalSection(SolutionConfigurationPlatforms) = preSolution
		Debug|Any CPU = Debug|Any CPU
		Release|Any CPU = Release|Any CPU
	EndGlobalSection
	GlobalSection(ProjectConfigurationPlatforms) = postSolution
		{8D346C01-B45F-450E-B5DE-3492353D3F20}.Debug|Any CPU.ActiveCfg = Debug|Any CPU
		{8D346C01-B45F-450E-B5DE-3492353D3F20}.Debug|Any CPU.Build.0 = Debug|Any CPU
		{8D346C01-B45F-450E-B5DE-3492353D3F20}.Release|Any CPU.ActiveCfg = Release|Any CPU
		{8D346C01-B45F-450E-B5DE-3492353D3F20}.Release|Any CPU.Build.0 = Release|Any CPU
	EndGlobalSection
	GlobalSection(SolutionProperties) = preSolution
		HideSolutionNode = FALSE
	EndGlobalSection
	GlobalSection(ExtensibilityGlobals) = postSolution
		SolutionGuid = {5F19C330-40EF-4F65-8E29-EA07016B4D12}
	EndGlobalSection
EndGlobal
